
Microsoft Visual Studio Solution File, Format Version 12.00
# Visual Studio Version 17
VisualStudioVersion = 17.2.32526.322
MinimumVisualStudioVersion = 10.0.40219.1
Project("{9A19103F-16F7-4668-BE54-9A1E7A4F7556}") = "ProductApi", "ProductApi\ProductApi.csproj", "{CA02447B-8B1A-431C-9A72-1E4302D7FBC1}"
EndProject
Project("{9A19103F-16F7-4668-BE54-9A1E7A4F7556}") = "DomainModels", "DomainModels\DomainModels.csproj", "{1014FC8E-502F-4058-8A9A-7F2442652C29}"
EndProject
Project("{9A19103F-16F7-4668-BE54-9A1E7A4F7556}") = "Repository", "Repository\Repository.csproj", "{7F9F4E65-C159-4497-9EC7-48AB2F1DBB9D}"
EndProject
Project("{9A19103F-16F7-4668-BE54-9A1E7A4F7556}") = "ValidatorService", "ValidatorService\ValidatorService.csproj", "{3FEBAC76-163F-4717-9414-F675735F3C91}"
EndProject
Project("{9A19103F-16F7-4668-BE54-9A1E7A4F7556}") = "LoggerService", "Logger\LoggerService.csproj", "{BDAFF4AF-E3D1-4E51-8D2C-99154FBC7F3C}"
EndProject
Project("{9A19103F-16F7-4668-BE54-9A1E7A4F7556}") = "AuthService", "AuthService\AuthService.csproj", "{EF4D1231-C44F-4500-8A54-919E16334B21}"
EndProject
Global
	GlobalSection(SolutionConfigurationPlatforms) = preSolution
		Debug|Any CPU = Debug|Any CPU
		Release|Any CPU = Release|Any CPU
	EndGlobalSection
	GlobalSection(ProjectConfigurationPlatforms) = postSolution
		{CA02447B-8B1A-431C-9A72-1E4302D7FBC1}.Debug|Any CPU.ActiveCfg = Debug|Any CPU
		{CA02447B-8B1A-431C-9A72-1E4302D7FBC1}.Debug|Any CPU.Build.0 = Debug|Any CPU
		{CA02447B-8B1A-431C-9A72-1E4302D7FBC1}.Release|Any CPU.ActiveCfg = Release|Any CPU
		{CA02447B-8B1A-431C-9A72-1E4302D7FBC1}.Release|Any CPU.Build.0 = Release|Any CPU
		{1014FC8E-502F-4058-8A9A-7F2442652C29}.Debug|Any CPU.ActiveCfg = Debug|Any CPU
		{1014FC8E-502F-4058-8A9A-7F2442652C29}.Debug|Any CPU.Build.0 = Debug|Any CPU
		{1014FC8E-502F-4058-8A9A-7F2442652C29}.Release|Any CPU.ActiveCfg = Release|Any CPU
		{1014FC8E-502F-4058-8A9A-7F2442652C29}.Release|Any CPU.Build.0 = Release|Any CPU
		{7F9F4E65-C159-4497-9EC7-48AB2F1DBB9D}.Debug|Any CPU.ActiveCfg = Debug|Any CPU
		{7F9F4E65-C159-4497-9EC7-48AB2F1DBB9D}.Debug|Any CPU.Build.0 = Debug|Any CPU
		{7F9F4E65-C159-4497-9EC7-48AB2F1DBB9D}.Release|Any CPU.ActiveCfg = Release|Any CPU
		{7F9F4E65-C159-4497-9EC7-48AB2F1DBB9D}.Release|Any CPU.Build.0 = Release|Any CPU
		{3FEBAC76-163F-4717-9414-F675735F3C91}.Debug|Any CPU.ActiveCfg = Debug|Any CPU
		{3FEBAC76-163F-4717-9414-F675735F3C91}.Debug|Any CPU.Build.0 = Debug|Any CPU
		{3FEBAC76-163F-4717-9414-F675735F3C91}.Release|Any CPU.ActiveCfg = Release|Any CPU
		{3FEBAC76-163F-4717-9414-F675735F3C91}.Release|Any CPU.Build.0 = Release|Any CPU
		{BDAFF4AF-E3D1-4E51-8D2C-99154FBC7F3C}.Debug|Any CPU.ActiveCfg = Debug|Any CPU
		{BDAFF4AF-E3D1-4E51-8D2C-99154FBC7F3C}.Debug|Any CPU.Build.0 = Debug|Any CPU
		{BDAFF4AF-E3D1-4E51-8D2C-99154FBC7F3C}.Release|Any CPU.ActiveCfg = Release|Any CPU
		{BDAFF4AF-E3D1-4E51-8D2C-99154FBC7F3C}.Release|Any CPU.Build.0 = Release|Any CPU
		{EF4D1231-C44F-4500-8A54-919E16334B21}.Debug|Any CPU.ActiveCfg = Debug|Any CPU
		{EF4D1231-C44F-4500-8A54-919E16334B21}.Debug|Any CPU.Build.0 = Debug|Any CPU
		{EF4D1231-C44F-4500-8A54-919E16334B21}.Release|Any CPU.ActiveCfg = Release|Any CPU
		{EF4D1231-C44F-4500-8A54-919E16334B21}.Release|Any CPU.Build.0 = Release|Any CPU
	EndGlobalSection
	GlobalSection(SolutionProperties) = preSolution
		HideSolutionNode = FALSE
	EndGlobalSection
	GlobalSection(ExtensibilityGlobals) = postSolution
		SolutionGuid = {8F84C86C-76A2-4574-974D-325A37D95874}
	EndGlobalSection
EndGlobal
